%{"bunt": {:hex, :bunt, "0.2.0", "951c6e801e8b1d2cbe58ebbd3e616a869061ddadcc4863d0a2182541acae9a38", [:mix], [], "hexpm"},
  "credo": {:hex, :credo, "0.8.10", "261862bb7363247762e1063713bb85df2bbd84af8d8610d1272cd9c1943bba63", [:mix], [{:bunt, "~> 0.2.0", [hex: :bunt, repo: "hexpm", optional: false]}], "hexpm"},
  "dogma": {:hex, :dogma, "0.1.16", "3c1532e2f63ece4813fe900a16704b8e33264da35fdb0d8a1d05090a3022eef9", [:mix], [{:poison, ">= 2.0.0", [hex: :poison, repo: "hexpm", optional: false]}], "hexpm"},
  "earmark": {:hex, :earmark, "0.2.1", "ba6d26ceb16106d069b289df66751734802777a3cbb6787026dd800ffeb850f3", [:mix], [], "hexpm"},
  "ex_doc": {:hex, :ex_doc, "0.12.0", "b774aabfede4af31c0301aece12371cbd25995a21bb3d71d66f5c2fe074c603f", [:mix], [{:earmark, "~> 0.2", [hex: :earmark, repo: "hexpm", optional: false]}], "hexpm"},
  "mime": {:hex, :mime, "1.2.0", "78adaa84832b3680de06f88f0997e3ead3b451a440d183d688085be2d709b534", [], [], "hexpm"},
  "plug": {:hex, :plug, "1.4.5", "7b13869283fff6b8b21b84b8735326cc012c5eef8607095dc6ee24bd0a273d8e", [:mix], [{:cowboy, "~> 1.0.1 or ~> 1.1", [hex: :cowboy, repo: "hexpm", optional: true]}, {:mime, "~> 1.0", [hex: :mime, repo: "hexpm", optional: false]}], "hexpm"},
  "poison": {:hex, :poison, "3.1.0", "d9eb636610e096f86f25d9a46f35a9facac35609a7591b3be3326e99a0484665", [:mix], [], "hexpm"},
  "ueberauth": {:hex, :ueberauth, "0.5.0", "4570ec94d7f784dc4c4aa94c83391dbd9b9bd7b66baa30e95a666c5ec1b168b1", [:mix], [{:plug, "~> 1.2", [hex: :plug, repo: "hexpm", optional: false]}], "hexpm"}}
